// !$*UTF8*$!
{
	archiveVersion = 1;
	classes = {
	};
	objectVersion = 50;
	objects = {

/* Begin PBXBuildFile section */
		63B1CE432753EB73007AE5CB /* MyPatternsListDisplayManager.swift in Sources */ = {isa = PBXBuildFile; fileRef = 63B1CE382753EB73007AE5CB /* MyPatternsListDisplayManager.swift */; };
		63B1CE442753EB73007AE5CB /* MyPatternsListDisplayManager.swift in Sources */ = {isa = PBXBuildFile; fileRef = 63B1CE382753EB73007AE5CB /* MyPatternsListDisplayManager.swift */; };
		63B1CE452753EB73007AE5CB /* MyPatternsListDisplayManagerImp.swift in Sources */ = {isa = PBXBuildFile; fileRef = 63B1CE392753EB73007AE5CB /* MyPatternsListDisplayManagerImp.swift */; };
		63B1CE462753EB73007AE5CB /* MyPatternsListDisplayManagerImp.swift in Sources */ = {isa = PBXBuildFile; fileRef = 63B1CE392753EB73007AE5CB /* MyPatternsListDisplayManagerImp.swift */; };
		63B1CE472753EB73007AE5CB /* MyPatternsListPresenterState.swift in Sources */ = {isa = PBXBuildFile; fileRef = 63B1CE3B2753EB73007AE5CB /* MyPatternsListPresenterState.swift */; };
		63B1CE482753EB73007AE5CB /* MyPatternsListPresenterState.swift in Sources */ = {isa = PBXBuildFile; fileRef = 63B1CE3B2753EB73007AE5CB /* MyPatternsListPresenterState.swift */; };
		63B1CE492753EB73007AE5CB /* MyPatternsListPresenter.swift in Sources */ = {isa = PBXBuildFile; fileRef = 63B1CE3C2753EB73007AE5CB /* MyPatternsListPresenter.swift */; };
		63B1CE4A2753EB73007AE5CB /* MyPatternsListPresenter.swift in Sources */ = {isa = PBXBuildFile; fileRef = 63B1CE3C2753EB73007AE5CB /* MyPatternsListPresenter.swift */; };
		63B1CE4B2753EB73007AE5CB /* MyPatternsListPresenterImp.swift in Sources */ = {isa = PBXBuildFile; fileRef = 63B1CE3D2753EB73007AE5CB /* MyPatternsListPresenterImp.swift */; };
		63B1CE4D2753EB73007AE5CB /* MyPatternsListView.swift in Sources */ = {isa = PBXBuildFile; fileRef = 63B1CE3F2753EB73007AE5CB /* MyPatternsListView.swift */; };
		63B1CE4E2753EB73007AE5CB /* MyPatternsListView.swift in Sources */ = {isa = PBXBuildFile; fileRef = 63B1CE3F2753EB73007AE5CB /* MyPatternsListView.swift */; };
		63B1CE4F2753EB73007AE5CB /* MyPatternsListController.swift in Sources */ = {isa = PBXBuildFile; fileRef = 63B1CE402753EB73007AE5CB /* MyPatternsListController.swift */; };
		63B1CE502753EB73007AE5CB /* MyPatternsListController.swift in Sources */ = {isa = PBXBuildFile; fileRef = 63B1CE402753EB73007AE5CB /* MyPatternsListController.swift */; };
		63B1CE512753EB73007AE5CB /* MyPatternCell.swift in Sources */ = {isa = PBXBuildFile; fileRef = 63B1CE412753EB73007AE5CB /* MyPatternCell.swift */; };
		63B1CE522753EB73007AE5CB /* MyPatternCell.swift in Sources */ = {isa = PBXBuildFile; fileRef = 63B1CE412753EB73007AE5CB /* MyPatternCell.swift */; };
		63B1CE532753EB73007AE5CB /* MyPatternsCoordinator.swift in Sources */ = {isa = PBXBuildFile; fileRef = 63B1CE422753EB73007AE5CB /* MyPatternsCoordinator.swift */; };
		63B1CE542753EB73007AE5CB /* MyPatternsCoordinator.swift in Sources */ = {isa = PBXBuildFile; fileRef = 63B1CE422753EB73007AE5CB /* MyPatternsCoordinator.swift */; };
		63B1CE63275F9449007AE5CB /* PatternController.swift in Sources */ = {isa = PBXBuildFile; fileRef = 63B1CE58275F9449007AE5CB /* PatternController.swift */; };
		63B1CE64275F9449007AE5CB /* PatternView.swift in Sources */ = {isa = PBXBuildFile; fileRef = 63B1CE59275F9449007AE5CB /* PatternView.swift */; };
		63B1CE65275F9449007AE5CB /* PatternIconView.swift in Sources */ = {isa = PBXBuildFile; fileRef = 63B1CE5A275F9449007AE5CB /* PatternIconView.swift */; };
		63B1CE66275F9449007AE5CB /* PatternPresenterState.swift in Sources */ = {isa = PBXBuildFile; fileRef = 63B1CE5C275F9449007AE5CB /* PatternPresenterState.swift */; };
		63B1CE67275F9449007AE5CB /* PatterntPresenter.swift in Sources */ = {isa = PBXBuildFile; fileRef = 63B1CE5D275F9449007AE5CB /* PatterntPresenter.swift */; };
		63B1CE68275F9449007AE5CB /* PatternPresenterImp.swift in Sources */ = {isa = PBXBuildFile; fileRef = 63B1CE5E275F9449007AE5CB /* PatternPresenterImp.swift */; };
		63B1CE69275F9449007AE5CB /* PatternDisplayManagerImp.swift in Sources */ = {isa = PBXBuildFile; fileRef = 63B1CE60275F9449007AE5CB /* PatternDisplayManagerImp.swift */; };
		63B1CE6A275F9449007AE5CB /* PatternDisplayManager.swift in Sources */ = {isa = PBXBuildFile; fileRef = 63B1CE61275F9449007AE5CB /* PatternDisplayManager.swift */; };
		63B1CE7A2760F0D5007AE5CB /* AddPersonDisplayManager.swift in Sources */ = {isa = PBXBuildFile; fileRef = 63B1CE702760F0D5007AE5CB /* AddPersonDisplayManager.swift */; };
		63B1CE7B2760F0D5007AE5CB /* AddPersonDisplayManagerImp.swift in Sources */ = {isa = PBXBuildFile; fileRef = 63B1CE712760F0D5007AE5CB /* AddPersonDisplayManagerImp.swift */; };
		63B1CE7C2760F0D5007AE5CB /* AddPersonPresenterImp.swift in Sources */ = {isa = PBXBuildFile; fileRef = 63B1CE732760F0D5007AE5CB /* AddPersonPresenterImp.swift */; };
		63B1CE7D2760F0D5007AE5CB /* AddPersonPresenter.swift in Sources */ = {isa = PBXBuildFile; fileRef = 63B1CE742760F0D5007AE5CB /* AddPersonPresenter.swift */; };
		63B1CE7E2760F0D5007AE5CB /* AddPersonPresenterState.swift in Sources */ = {isa = PBXBuildFile; fileRef = 63B1CE752760F0D5007AE5CB /* AddPersonPresenterState.swift */; };
		63B1CE7F2760F0D5007AE5CB /* ParameterCell.swift in Sources */ = {isa = PBXBuildFile; fileRef = 63B1CE772760F0D5007AE5CB /* ParameterCell.swift */; };
		63B1CE802760F0D5007AE5CB /* AddPersonController.swift in Sources */ = {isa = PBXBuildFile; fileRef = 63B1CE782760F0D5007AE5CB /* AddPersonController.swift */; };
		63B1CE812760F0D5007AE5CB /* AddPersonView.swift in Sources */ = {isa = PBXBuildFile; fileRef = 63B1CE792760F0D5007AE5CB /* AddPersonView.swift */; };
		63DEA375270C7F68008108D5 /* AppDelegate.swift in Sources */ = {isa = PBXBuildFile; fileRef = 63DEA374270C7F68008108D5 /* AppDelegate.swift */; };
		63DEA377270C7F68008108D5 /* SceneDelegate.swift in Sources */ = {isa = PBXBuildFile; fileRef = 63DEA376270C7F68008108D5 /* SceneDelegate.swift */; };
		63DEA379270C7F68008108D5 /* TabBarController.swift in Sources */ = {isa = PBXBuildFile; fileRef = 63DEA378270C7F68008108D5 /* TabBarController.swift */; };
		63DEA37E270C7F6A008108D5 /* Assets.xcassets in Resources */ = {isa = PBXBuildFile; fileRef = 63DEA37D270C7F6A008108D5 /* Assets.xcassets */; };
		63DEA381270C7F6A008108D5 /* LaunchScreen.storyboard in Resources */ = {isa = PBXBuildFile; fileRef = 63DEA37F270C7F6A008108D5 /* LaunchScreen.storyboard */; };
		DD0DF87A274A8F8300D864B5 /* PersonsService.swift in Sources */ = {isa = PBXBuildFile; fileRef = DD0DF879274A8F8200D864B5 /* PersonsService.swift */; };
		DD18054B2754FC3700DDD751 /* DataBaseServiceProtocol.swift in Sources */ = {isa = PBXBuildFile; fileRef = DD18054A2754FC3700DDD751 /* DataBaseServiceProtocol.swift */; };
		DD27030C275BCA4C002DCB53 /* Patterns.xcdatamodeld in Sources */ = {isa = PBXBuildFile; fileRef = DD27030A275BCA4C002DCB53 /* Patterns.xcdatamodeld */; };
		DD27030E275BCDE9002DCB53 /* PersonCell.swift in Sources */ = {isa = PBXBuildFile; fileRef = DD27030D275BCDE9002DCB53 /* PersonCell.swift */; };
		DD270310275E912B002DCB53 /* DataBaseService.swift in Sources */ = {isa = PBXBuildFile; fileRef = DD27030F275E912B002DCB53 /* DataBaseService.swift */; };
		DD270313275E9135002DCB53 /* CoreDataStack.swift in Sources */ = {isa = PBXBuildFile; fileRef = DD270311275E9135002DCB53 /* CoreDataStack.swift */; };
		DD270314275E9135002DCB53 /* DIContainer.swift in Sources */ = {isa = PBXBuildFile; fileRef = DD270312275E9135002DCB53 /* DIContainer.swift */; };
		DD270316275F1B9C002DCB53 /* CoreDataProtocol.swift in Sources */ = {isa = PBXBuildFile; fileRef = DD270315275F1B9C002DCB53 /* CoreDataProtocol.swift */; };
		DD27031F275F234A002DCB53 /* Person+CoreDataClass.swift in Sources */ = {isa = PBXBuildFile; fileRef = DD27031D275F2349002DCB53 /* Person+CoreDataClass.swift */; };
		DD270320275F234A002DCB53 /* Person+CoreDataProperties.swift in Sources */ = {isa = PBXBuildFile; fileRef = DD27031E275F2349002DCB53 /* Person+CoreDataProperties.swift */; };
		DD6AD6D7274E654000FC3801 /* iOSArinaDiplomTests.swift in Sources */ = {isa = PBXBuildFile; fileRef = DD6AD6D6274E654000FC3801 /* iOSArinaDiplomTests.swift */; };
		DDCDB8D5273C101C007B9634 /* PersonParameters.swift in Sources */ = {isa = PBXBuildFile; fileRef = DDCDB8D2273C101C007B9634 /* PersonParameters.swift */; };
		DDCDB8D7273C101C007B9634 /* Swifty.swift in Sources */ = {isa = PBXBuildFile; fileRef = DDCDB8D4273C101C007B9634 /* Swifty.swift */; };
		DDCDB8D9273D71FA007B9634 /* Pattern.swift in Sources */ = {isa = PBXBuildFile; fileRef = DDCDB8D8273D71FA007B9634 /* Pattern.swift */; };
		DDCDB8DB273D7362007B9634 /* PersonPattern.swift in Sources */ = {isa = PBXBuildFile; fileRef = DDCDB8DA273D7362007B9634 /* PersonPattern.swift */; };
		DDCDB8E22740FDDC007B9634 /* Coordinator.swift in Sources */ = {isa = PBXBuildFile; fileRef = DDCDB8E12740FDDC007B9634 /* Coordinator.swift */; };
		DDCDB8E527410088007B9634 /* PatternsCoordinator.swift in Sources */ = {isa = PBXBuildFile; fileRef = DDCDB8E427410088007B9634 /* PatternsCoordinator.swift */; };
		DDCDB8E7274100F7007B9634 /* PersonsCoordinator.swift in Sources */ = {isa = PBXBuildFile; fileRef = DDCDB8E6274100F7007B9634 /* PersonsCoordinator.swift */; };
		DDCDB8E92741010B007B9634 /* SettingsCoordinator.swift in Sources */ = {isa = PBXBuildFile; fileRef = DDCDB8E82741010B007B9634 /* SettingsCoordinator.swift */; };
		DDCDB8EB2741063E007B9634 /* RootCoordinator.swift in Sources */ = {isa = PBXBuildFile; fileRef = DDCDB8EA2741063E007B9634 /* RootCoordinator.swift */; };
		DDCDB8EE27410A18007B9634 /* Main.storyboard in Resources */ = {isa = PBXBuildFile; fileRef = DDCDB8EC27410A18007B9634 /* Main.storyboard */; };
		DDCDB8F02741128E007B9634 /* PatternsListController.swift in Sources */ = {isa = PBXBuildFile; fileRef = DDCDB8EF2741128E007B9634 /* PatternsListController.swift */; };
		DDCDB8F22741129E007B9634 /* PersonsListController.swift in Sources */ = {isa = PBXBuildFile; fileRef = DDCDB8F12741129E007B9634 /* PersonsListController.swift */; };
		DDCDB8F4274112D2007B9634 /* PatternsListPresenter.swift in Sources */ = {isa = PBXBuildFile; fileRef = DDCDB8F3274112D2007B9634 /* PatternsListPresenter.swift */; };
		DDCDB8F7274112EE007B9634 /* PatternsListPresenterImp.swift in Sources */ = {isa = PBXBuildFile; fileRef = DDCDB8F6274112EE007B9634 /* PatternsListPresenterImp.swift */; };
		DDCDB8FB27411332007B9634 /* PersonsListPresenter.swift in Sources */ = {isa = PBXBuildFile; fileRef = DDCDB8F927411332007B9634 /* PersonsListPresenter.swift */; };
		DDCDB8FC27411332007B9634 /* PersonsListPresenterImp.swift in Sources */ = {isa = PBXBuildFile; fileRef = DDCDB8FA27411332007B9634 /* PersonsListPresenterImp.swift */; };
		DDCDB90027411339007B9634 /* SettingsListPresenter.swift in Sources */ = {isa = PBXBuildFile; fileRef = DDCDB8FE27411339007B9634 /* SettingsListPresenter.swift */; };
		DDCDB90127411339007B9634 /* SettingsListPresenterImp.swift in Sources */ = {isa = PBXBuildFile; fileRef = DDCDB8FF27411339007B9634 /* SettingsListPresenterImp.swift */; };
		DDCDB90327412212007B9634 /* PersonsListPresenterState.swift in Sources */ = {isa = PBXBuildFile; fileRef = DDCDB90227412212007B9634 /* PersonsListPresenterState.swift */; };
		DDCDB9052741226A007B9634 /* PatternsListPresenterState.swift in Sources */ = {isa = PBXBuildFile; fileRef = DDCDB9042741226A007B9634 /* PatternsListPresenterState.swift */; };
		DDCDB90727412273007B9634 /* SettingsListPresenterState.swift in Sources */ = {isa = PBXBuildFile; fileRef = DDCDB90627412273007B9634 /* SettingsListPresenterState.swift */; };
		DDCDB90A274122D7007B9634 /* PatternsListDisplayManager.swift in Sources */ = {isa = PBXBuildFile; fileRef = DDCDB909274122D7007B9634 /* PatternsListDisplayManager.swift */; };
		DDCDB90C274122EC007B9634 /* PatternsListDisplayManagerImp.swift in Sources */ = {isa = PBXBuildFile; fileRef = DDCDB90B274122EC007B9634 /* PatternsListDisplayManagerImp.swift */; };
		DDCDB90F27412314007B9634 /* PatternsListView.swift in Sources */ = {isa = PBXBuildFile; fileRef = DDCDB90E27412314007B9634 /* PatternsListView.swift */; };
		DDCDB914274123B9007B9634 /* PersonsListDisplayManager.swift in Sources */ = {isa = PBXBuildFile; fileRef = DDCDB912274123B9007B9634 /* PersonsListDisplayManager.swift */; };
		DDCDB915274123B9007B9634 /* PersonsListDisplayManagerImp.swift in Sources */ = {isa = PBXBuildFile; fileRef = DDCDB913274123B9007B9634 /* PersonsListDisplayManagerImp.swift */; };
		DDCDB919274123D1007B9634 /* SettingsListDisplayManagerImp.swift in Sources */ = {isa = PBXBuildFile; fileRef = DDCDB917274123D1007B9634 /* SettingsListDisplayManagerImp.swift */; };
		DDCDB91A274123D1007B9634 /* SettingsListDisplayManager.swift in Sources */ = {isa = PBXBuildFile; fileRef = DDCDB918274123D1007B9634 /* SettingsListDisplayManager.swift */; };
		DDCDB91D274123FE007B9634 /* PersonsListView.swift in Sources */ = {isa = PBXBuildFile; fileRef = DDCDB91C274123FE007B9634 /* PersonsListView.swift */; };
		DDCDB91F27412407007B9634 /* SettingsListView.swift in Sources */ = {isa = PBXBuildFile; fileRef = DDCDB91E27412407007B9634 /* SettingsListView.swift */; };
		DDCDB92127412418007B9634 /* SettingsViewController.swift in Sources */ = {isa = PBXBuildFile; fileRef = DDCDB92027412418007B9634 /* SettingsViewController.swift */; };
		DDCDB9242743D675007B9634 /* Network.swift in Sources */ = {isa = PBXBuildFile; fileRef = DDCDB9232743D675007B9634 /* Network.swift */; };
		DDCDB9272743D6B7007B9634 /* NetworkProtocol.swift in Sources */ = {isa = PBXBuildFile; fileRef = DDCDB9262743D6B7007B9634 /* NetworkProtocol.swift */; };
		DDCDB9292743D705007B9634 /* NetworkError.swift in Sources */ = {isa = PBXBuildFile; fileRef = DDCDB9282743D705007B9634 /* NetworkError.swift */; };
		DDCDB92B2743D77A007B9634 /* Constants.swift in Sources */ = {isa = PBXBuildFile; fileRef = DDCDB92A2743D77A007B9634 /* Constants.swift */; };
		DDCDB92D2743D858007B9634 /* AuthorizeResponse.swift in Sources */ = {isa = PBXBuildFile; fileRef = DDCDB92C2743D858007B9634 /* AuthorizeResponse.swift */; };
		DDCDB92F2743D8F1007B9634 /* GetPatternsResponse.swift in Sources */ = {isa = PBXBuildFile; fileRef = DDCDB92E2743D8F1007B9634 /* GetPatternsResponse.swift */; };
		DDCDB93127448B06007B9634 /* PatternCell.swift in Sources */ = {isa = PBXBuildFile; fileRef = DDCDB93027448B06007B9634 /* PatternCell.swift */; };
		DDCDB933274490AA007B9634 /* PatternsService.swift in Sources */ = {isa = PBXBuildFile; fileRef = DDCDB932274490AA007B9634 /* PatternsService.swift */; };
/* End PBXBuildFile section */

/* Begin PBXContainerItemProxy section */
		DD6AD6D9274E654000FC3801 /* PBXContainerItemProxy */ = {
			isa = PBXContainerItemProxy;
			containerPortal = 63DEA369270C7F68008108D5 /* Project object */;
			proxyType = 1;
			remoteGlobalIDString = 63DEA370270C7F68008108D5;
			remoteInfo = iOSArinaDiplom;
		};
/* End PBXContainerItemProxy section */

/* Begin PBXFileReference section */
		63B1CE382753EB73007AE5CB /* MyPatternsListDisplayManager.swift */ = {isa = PBXFileReference; fileEncoding = 4; lastKnownFileType = sourcecode.swift; path = MyPatternsListDisplayManager.swift; sourceTree = "<group>"; };
		63B1CE392753EB73007AE5CB /* MyPatternsListDisplayManagerImp.swift */ = {isa = PBXFileReference; fileEncoding = 4; lastKnownFileType = sourcecode.swift; path = MyPatternsListDisplayManagerImp.swift; sourceTree = "<group>"; };
		63B1CE3B2753EB73007AE5CB /* MyPatternsListPresenterState.swift */ = {isa = PBXFileReference; fileEncoding = 4; lastKnownFileType = sourcecode.swift; path = MyPatternsListPresenterState.swift; sourceTree = "<group>"; };
		63B1CE3C2753EB73007AE5CB /* MyPatternsListPresenter.swift */ = {isa = PBXFileReference; fileEncoding = 4; lastKnownFileType = sourcecode.swift; path = MyPatternsListPresenter.swift; sourceTree = "<group>"; };
		63B1CE3D2753EB73007AE5CB /* MyPatternsListPresenterImp.swift */ = {isa = PBXFileReference; fileEncoding = 4; lastKnownFileType = sourcecode.swift; path = MyPatternsListPresenterImp.swift; sourceTree = "<group>"; };
		63B1CE3F2753EB73007AE5CB /* MyPatternsListView.swift */ = {isa = PBXFileReference; fileEncoding = 4; lastKnownFileType = sourcecode.swift; path = MyPatternsListView.swift; sourceTree = "<group>"; };
		63B1CE402753EB73007AE5CB /* MyPatternsListController.swift */ = {isa = PBXFileReference; fileEncoding = 4; lastKnownFileType = sourcecode.swift; path = MyPatternsListController.swift; sourceTree = "<group>"; };
		63B1CE412753EB73007AE5CB /* MyPatternCell.swift */ = {isa = PBXFileReference; fileEncoding = 4; lastKnownFileType = sourcecode.swift; path = MyPatternCell.swift; sourceTree = "<group>"; };
		63B1CE422753EB73007AE5CB /* MyPatternsCoordinator.swift */ = {isa = PBXFileReference; fileEncoding = 4; lastKnownFileType = sourcecode.swift; path = MyPatternsCoordinator.swift; sourceTree = "<group>"; };
		63B1CE58275F9449007AE5CB /* PatternController.swift */ = {isa = PBXFileReference; fileEncoding = 4; lastKnownFileType = sourcecode.swift; path = PatternController.swift; sourceTree = "<group>"; };
		63B1CE59275F9449007AE5CB /* PatternView.swift */ = {isa = PBXFileReference; fileEncoding = 4; lastKnownFileType = sourcecode.swift; path = PatternView.swift; sourceTree = "<group>"; };
		63B1CE5A275F9449007AE5CB /* PatternIconView.swift */ = {isa = PBXFileReference; fileEncoding = 4; lastKnownFileType = sourcecode.swift; path = PatternIconView.swift; sourceTree = "<group>"; };
		63B1CE5C275F9449007AE5CB /* PatternPresenterState.swift */ = {isa = PBXFileReference; fileEncoding = 4; lastKnownFileType = sourcecode.swift; path = PatternPresenterState.swift; sourceTree = "<group>"; };
		63B1CE5D275F9449007AE5CB /* PatterntPresenter.swift */ = {isa = PBXFileReference; fileEncoding = 4; lastKnownFileType = sourcecode.swift; path = PatterntPresenter.swift; sourceTree = "<group>"; };
		63B1CE5E275F9449007AE5CB /* PatternPresenterImp.swift */ = {isa = PBXFileReference; fileEncoding = 4; lastKnownFileType = sourcecode.swift; path = PatternPresenterImp.swift; sourceTree = "<group>"; };
		63B1CE60275F9449007AE5CB /* PatternDisplayManagerImp.swift */ = {isa = PBXFileReference; fileEncoding = 4; lastKnownFileType = sourcecode.swift; path = PatternDisplayManagerImp.swift; sourceTree = "<group>"; };
		63B1CE61275F9449007AE5CB /* PatternDisplayManager.swift */ = {isa = PBXFileReference; fileEncoding = 4; lastKnownFileType = sourcecode.swift; path = PatternDisplayManager.swift; sourceTree = "<group>"; };
		63B1CE702760F0D5007AE5CB /* AddPersonDisplayManager.swift */ = {isa = PBXFileReference; fileEncoding = 4; lastKnownFileType = sourcecode.swift; path = AddPersonDisplayManager.swift; sourceTree = "<group>"; };
		63B1CE712760F0D5007AE5CB /* AddPersonDisplayManagerImp.swift */ = {isa = PBXFileReference; fileEncoding = 4; lastKnownFileType = sourcecode.swift; path = AddPersonDisplayManagerImp.swift; sourceTree = "<group>"; };
		63B1CE732760F0D5007AE5CB /* AddPersonPresenterImp.swift */ = {isa = PBXFileReference; fileEncoding = 4; lastKnownFileType = sourcecode.swift; path = AddPersonPresenterImp.swift; sourceTree = "<group>"; };
		63B1CE742760F0D5007AE5CB /* AddPersonPresenter.swift */ = {isa = PBXFileReference; fileEncoding = 4; lastKnownFileType = sourcecode.swift; path = AddPersonPresenter.swift; sourceTree = "<group>"; };
		63B1CE752760F0D5007AE5CB /* AddPersonPresenterState.swift */ = {isa = PBXFileReference; fileEncoding = 4; lastKnownFileType = sourcecode.swift; path = AddPersonPresenterState.swift; sourceTree = "<group>"; };
		63B1CE772760F0D5007AE5CB /* ParameterCell.swift */ = {isa = PBXFileReference; fileEncoding = 4; lastKnownFileType = sourcecode.swift; path = ParameterCell.swift; sourceTree = "<group>"; };
		63B1CE782760F0D5007AE5CB /* AddPersonController.swift */ = {isa = PBXFileReference; fileEncoding = 4; lastKnownFileType = sourcecode.swift; path = AddPersonController.swift; sourceTree = "<group>"; };
		63B1CE792760F0D5007AE5CB /* AddPersonView.swift */ = {isa = PBXFileReference; fileEncoding = 4; lastKnownFileType = sourcecode.swift; path = AddPersonView.swift; sourceTree = "<group>"; };
		63DEA371270C7F68008108D5 /* iOSArinaDiplom.app */ = {isa = PBXFileReference; explicitFileType = wrapper.application; includeInIndex = 0; path = iOSArinaDiplom.app; sourceTree = BUILT_PRODUCTS_DIR; };
		63DEA374270C7F68008108D5 /* AppDelegate.swift */ = {isa = PBXFileReference; lastKnownFileType = sourcecode.swift; path = AppDelegate.swift; sourceTree = "<group>"; };
		63DEA376270C7F68008108D5 /* SceneDelegate.swift */ = {isa = PBXFileReference; lastKnownFileType = sourcecode.swift; path = SceneDelegate.swift; sourceTree = "<group>"; };
		63DEA378270C7F68008108D5 /* TabBarController.swift */ = {isa = PBXFileReference; lastKnownFileType = sourcecode.swift; path = TabBarController.swift; sourceTree = "<group>"; };
		63DEA37D270C7F6A008108D5 /* Assets.xcassets */ = {isa = PBXFileReference; lastKnownFileType = folder.assetcatalog; path = Assets.xcassets; sourceTree = "<group>"; };
		63DEA380270C7F6A008108D5 /* Base */ = {isa = PBXFileReference; lastKnownFileType = file.storyboard; name = Base; path = Base.lproj/LaunchScreen.storyboard; sourceTree = "<group>"; };
		63DEA382270C7F6A008108D5 /* Info.plist */ = {isa = PBXFileReference; lastKnownFileType = text.plist.xml; path = Info.plist; sourceTree = "<group>"; };
		DD0DF879274A8F8200D864B5 /* PersonsService.swift */ = {isa = PBXFileReference; fileEncoding = 4; lastKnownFileType = sourcecode.swift; path = PersonsService.swift; sourceTree = "<group>"; };
		DD18054A2754FC3700DDD751 /* DataBaseServiceProtocol.swift */ = {isa = PBXFileReference; lastKnownFileType = sourcecode.swift; path = DataBaseServiceProtocol.swift; sourceTree = "<group>"; };
		DD27030B275BCA4C002DCB53 /* Patterns.xcdatamodel */ = {isa = PBXFileReference; lastKnownFileType = wrapper.xcdatamodel; path = Patterns.xcdatamodel; sourceTree = "<group>"; };
		DD27030D275BCDE9002DCB53 /* PersonCell.swift */ = {isa = PBXFileReference; lastKnownFileType = sourcecode.swift; path = PersonCell.swift; sourceTree = "<group>"; };
		DD27030F275E912B002DCB53 /* DataBaseService.swift */ = {isa = PBXFileReference; fileEncoding = 4; lastKnownFileType = sourcecode.swift; path = DataBaseService.swift; sourceTree = "<group>"; };
		DD270311275E9135002DCB53 /* CoreDataStack.swift */ = {isa = PBXFileReference; fileEncoding = 4; lastKnownFileType = sourcecode.swift; path = CoreDataStack.swift; sourceTree = "<group>"; };
		DD270312275E9135002DCB53 /* DIContainer.swift */ = {isa = PBXFileReference; fileEncoding = 4; lastKnownFileType = sourcecode.swift; path = DIContainer.swift; sourceTree = "<group>"; };
		DD270315275F1B9C002DCB53 /* CoreDataProtocol.swift */ = {isa = PBXFileReference; lastKnownFileType = sourcecode.swift; path = CoreDataProtocol.swift; sourceTree = "<group>"; };
		DD27031D275F2349002DCB53 /* Person+CoreDataClass.swift */ = {isa = PBXFileReference; fileEncoding = 4; lastKnownFileType = sourcecode.swift; path = "Person+CoreDataClass.swift"; sourceTree = "<group>"; };
		DD27031E275F2349002DCB53 /* Person+CoreDataProperties.swift */ = {isa = PBXFileReference; fileEncoding = 4; lastKnownFileType = sourcecode.swift; path = "Person+CoreDataProperties.swift"; sourceTree = "<group>"; };
		DD6AD6D4274E654000FC3801 /* iOSArinaDiplomTests.xctest */ = {isa = PBXFileReference; explicitFileType = wrapper.cfbundle; includeInIndex = 0; path = iOSArinaDiplomTests.xctest; sourceTree = BUILT_PRODUCTS_DIR; };
		DD6AD6D6274E654000FC3801 /* iOSArinaDiplomTests.swift */ = {isa = PBXFileReference; lastKnownFileType = sourcecode.swift; path = iOSArinaDiplomTests.swift; sourceTree = "<group>"; };
		DD6AD6D8274E654000FC3801 /* Info.plist */ = {isa = PBXFileReference; lastKnownFileType = text.plist.xml; path = Info.plist; sourceTree = "<group>"; };
		DDCDB8D2273C101C007B9634 /* PersonParameters.swift */ = {isa = PBXFileReference; fileEncoding = 4; lastKnownFileType = sourcecode.swift; path = PersonParameters.swift; sourceTree = "<group>"; };
		DDCDB8D4273C101C007B9634 /* Swifty.swift */ = {isa = PBXFileReference; fileEncoding = 4; lastKnownFileType = sourcecode.swift; path = Swifty.swift; sourceTree = "<group>"; };
		DDCDB8D8273D71FA007B9634 /* Pattern.swift */ = {isa = PBXFileReference; lastKnownFileType = sourcecode.swift; path = Pattern.swift; sourceTree = "<group>"; };
		DDCDB8DA273D7362007B9634 /* PersonPattern.swift */ = {isa = PBXFileReference; lastKnownFileType = sourcecode.swift; path = PersonPattern.swift; sourceTree = "<group>"; };
		DDCDB8E12740FDDC007B9634 /* Coordinator.swift */ = {isa = PBXFileReference; lastKnownFileType = sourcecode.swift; path = Coordinator.swift; sourceTree = "<group>"; };
		DDCDB8E427410088007B9634 /* PatternsCoordinator.swift */ = {isa = PBXFileReference; lastKnownFileType = sourcecode.swift; path = PatternsCoordinator.swift; sourceTree = "<group>"; };
		DDCDB8E6274100F7007B9634 /* PersonsCoordinator.swift */ = {isa = PBXFileReference; lastKnownFileType = sourcecode.swift; path = PersonsCoordinator.swift; sourceTree = "<group>"; };
		DDCDB8E82741010B007B9634 /* SettingsCoordinator.swift */ = {isa = PBXFileReference; lastKnownFileType = sourcecode.swift; path = SettingsCoordinator.swift; sourceTree = "<group>"; };
		DDCDB8EA2741063E007B9634 /* RootCoordinator.swift */ = {isa = PBXFileReference; lastKnownFileType = sourcecode.swift; path = RootCoordinator.swift; sourceTree = "<group>"; };
		DDCDB8ED27410A18007B9634 /* Base */ = {isa = PBXFileReference; lastKnownFileType = file.storyboard; name = Base; path = Base.lproj/Main.storyboard; sourceTree = "<group>"; };
		DDCDB8EF2741128E007B9634 /* PatternsListController.swift */ = {isa = PBXFileReference; lastKnownFileType = sourcecode.swift; path = PatternsListController.swift; sourceTree = "<group>"; };
		DDCDB8F12741129E007B9634 /* PersonsListController.swift */ = {isa = PBXFileReference; lastKnownFileType = sourcecode.swift; path = PersonsListController.swift; sourceTree = "<group>"; };
		DDCDB8F3274112D2007B9634 /* PatternsListPresenter.swift */ = {isa = PBXFileReference; lastKnownFileType = sourcecode.swift; path = PatternsListPresenter.swift; sourceTree = "<group>"; };
		DDCDB8F6274112EE007B9634 /* PatternsListPresenterImp.swift */ = {isa = PBXFileReference; lastKnownFileType = sourcecode.swift; path = PatternsListPresenterImp.swift; sourceTree = "<group>"; };
		DDCDB8F927411332007B9634 /* PersonsListPresenter.swift */ = {isa = PBXFileReference; fileEncoding = 4; lastKnownFileType = sourcecode.swift; path = PersonsListPresenter.swift; sourceTree = "<group>"; };
		DDCDB8FA27411332007B9634 /* PersonsListPresenterImp.swift */ = {isa = PBXFileReference; fileEncoding = 4; lastKnownFileType = sourcecode.swift; path = PersonsListPresenterImp.swift; sourceTree = "<group>"; };
		DDCDB8FE27411339007B9634 /* SettingsListPresenter.swift */ = {isa = PBXFileReference; fileEncoding = 4; lastKnownFileType = sourcecode.swift; path = SettingsListPresenter.swift; sourceTree = "<group>"; };
		DDCDB8FF27411339007B9634 /* SettingsListPresenterImp.swift */ = {isa = PBXFileReference; fileEncoding = 4; lastKnownFileType = sourcecode.swift; path = SettingsListPresenterImp.swift; sourceTree = "<group>"; };
		DDCDB90227412212007B9634 /* PersonsListPresenterState.swift */ = {isa = PBXFileReference; lastKnownFileType = sourcecode.swift; path = PersonsListPresenterState.swift; sourceTree = "<group>"; };
		DDCDB9042741226A007B9634 /* PatternsListPresenterState.swift */ = {isa = PBXFileReference; fileEncoding = 4; lastKnownFileType = sourcecode.swift; path = PatternsListPresenterState.swift; sourceTree = "<group>"; };
		DDCDB90627412273007B9634 /* SettingsListPresenterState.swift */ = {isa = PBXFileReference; fileEncoding = 4; lastKnownFileType = sourcecode.swift; path = SettingsListPresenterState.swift; sourceTree = "<group>"; };
		DDCDB909274122D7007B9634 /* PatternsListDisplayManager.swift */ = {isa = PBXFileReference; lastKnownFileType = sourcecode.swift; path = PatternsListDisplayManager.swift; sourceTree = "<group>"; };
		DDCDB90B274122EC007B9634 /* PatternsListDisplayManagerImp.swift */ = {isa = PBXFileReference; lastKnownFileType = sourcecode.swift; path = PatternsListDisplayManagerImp.swift; sourceTree = "<group>"; };
		DDCDB90E27412314007B9634 /* PatternsListView.swift */ = {isa = PBXFileReference; lastKnownFileType = sourcecode.swift; path = PatternsListView.swift; sourceTree = "<group>"; };
		DDCDB912274123B9007B9634 /* PersonsListDisplayManager.swift */ = {isa = PBXFileReference; fileEncoding = 4; lastKnownFileType = sourcecode.swift; path = PersonsListDisplayManager.swift; sourceTree = "<group>"; };
		DDCDB913274123B9007B9634 /* PersonsListDisplayManagerImp.swift */ = {isa = PBXFileReference; fileEncoding = 4; lastKnownFileType = sourcecode.swift; path = PersonsListDisplayManagerImp.swift; sourceTree = "<group>"; };
		DDCDB917274123D1007B9634 /* SettingsListDisplayManagerImp.swift */ = {isa = PBXFileReference; fileEncoding = 4; lastKnownFileType = sourcecode.swift; path = SettingsListDisplayManagerImp.swift; sourceTree = "<group>"; };
		DDCDB918274123D1007B9634 /* SettingsListDisplayManager.swift */ = {isa = PBXFileReference; fileEncoding = 4; lastKnownFileType = sourcecode.swift; path = SettingsListDisplayManager.swift; sourceTree = "<group>"; };
		DDCDB91C274123FE007B9634 /* PersonsListView.swift */ = {isa = PBXFileReference; fileEncoding = 4; lastKnownFileType = sourcecode.swift; path = PersonsListView.swift; sourceTree = "<group>"; };
		DDCDB91E27412407007B9634 /* SettingsListView.swift */ = {isa = PBXFileReference; fileEncoding = 4; lastKnownFileType = sourcecode.swift; path = SettingsListView.swift; sourceTree = "<group>"; };
		DDCDB92027412418007B9634 /* SettingsViewController.swift */ = {isa = PBXFileReference; lastKnownFileType = sourcecode.swift; path = SettingsViewController.swift; sourceTree = "<group>"; };
		DDCDB9232743D675007B9634 /* Network.swift */ = {isa = PBXFileReference; lastKnownFileType = sourcecode.swift; path = Network.swift; sourceTree = "<group>"; };
		DDCDB9262743D6B7007B9634 /* NetworkProtocol.swift */ = {isa = PBXFileReference; lastKnownFileType = sourcecode.swift; path = NetworkProtocol.swift; sourceTree = "<group>"; };
		DDCDB9282743D705007B9634 /* NetworkError.swift */ = {isa = PBXFileReference; lastKnownFileType = sourcecode.swift; path = NetworkError.swift; sourceTree = "<group>"; };
		DDCDB92A2743D77A007B9634 /* Constants.swift */ = {isa = PBXFileReference; lastKnownFileType = sourcecode.swift; path = Constants.swift; sourceTree = "<group>"; };
		DDCDB92C2743D858007B9634 /* AuthorizeResponse.swift */ = {isa = PBXFileReference; lastKnownFileType = sourcecode.swift; path = AuthorizeResponse.swift; sourceTree = "<group>"; };
		DDCDB92E2743D8F1007B9634 /* GetPatternsResponse.swift */ = {isa = PBXFileReference; lastKnownFileType = sourcecode.swift; path = GetPatternsResponse.swift; sourceTree = "<group>"; };
		DDCDB93027448B06007B9634 /* PatternCell.swift */ = {isa = PBXFileReference; lastKnownFileType = sourcecode.swift; path = PatternCell.swift; sourceTree = "<group>"; };
		DDCDB932274490AA007B9634 /* PatternsService.swift */ = {isa = PBXFileReference; lastKnownFileType = sourcecode.swift; path = PatternsService.swift; sourceTree = "<group>"; };
/* End PBXFileReference section */

/* Begin PBXFrameworksBuildPhase section */
		63DEA36E270C7F68008108D5 /* Frameworks */ = {
			isa = PBXFrameworksBuildPhase;
			buildActionMask = 2147483647;
			files = (
			);
			runOnlyForDeploymentPostprocessing = 0;
		};
		DD6AD6D1274E654000FC3801 /* Frameworks */ = {
			isa = PBXFrameworksBuildPhase;
			buildActionMask = 2147483647;
			files = (
			);
			runOnlyForDeploymentPostprocessing = 0;
		};
/* End PBXFrameworksBuildPhase section */

/* Begin PBXGroup section */
		63B1CE362753EB73007AE5CB /* MyPatterns */ = {
			isa = PBXGroup;
			children = (
				63B1CE372753EB73007AE5CB /* DisplayManager */,
				63B1CE3A2753EB73007AE5CB /* Presenter */,
				63B1CE3E2753EB73007AE5CB /* View */,
				63B1CE422753EB73007AE5CB /* MyPatternsCoordinator.swift */,
			);
			path = MyPatterns;
			sourceTree = "<group>";
		};
		63B1CE372753EB73007AE5CB /* DisplayManager */ = {
			isa = PBXGroup;
			children = (
				63B1CE382753EB73007AE5CB /* MyPatternsListDisplayManager.swift */,
				63B1CE392753EB73007AE5CB /* MyPatternsListDisplayManagerImp.swift */,
			);
			path = DisplayManager;
			sourceTree = "<group>";
		};
		63B1CE3A2753EB73007AE5CB /* Presenter */ = {
			isa = PBXGroup;
			children = (
				63B1CE3B2753EB73007AE5CB /* MyPatternsListPresenterState.swift */,
				63B1CE3C2753EB73007AE5CB /* MyPatternsListPresenter.swift */,
				63B1CE3D2753EB73007AE5CB /* MyPatternsListPresenterImp.swift */,
			);
			path = Presenter;
			sourceTree = "<group>";
		};
		63B1CE3E2753EB73007AE5CB /* View */ = {
			isa = PBXGroup;
			children = (
				63B1CE3F2753EB73007AE5CB /* MyPatternsListView.swift */,
				63B1CE402753EB73007AE5CB /* MyPatternsListController.swift */,
				63B1CE412753EB73007AE5CB /* MyPatternCell.swift */,
			);
			path = View;
			sourceTree = "<group>";
		};
		63B1CE55275F93BB007AE5CB /* Pattern */ = {
			isa = PBXGroup;
			children = (
				63B1CE5F275F9449007AE5CB /* DisplayManager */,
				63B1CE5B275F9449007AE5CB /* Presenter */,
				63B1CE57275F9449007AE5CB /* View */,
			);
			path = Pattern;
			sourceTree = "<group>";
		};
		63B1CE57275F9449007AE5CB /* View */ = {
			isa = PBXGroup;
			children = (
				63B1CE58275F9449007AE5CB /* PatternController.swift */,
				63B1CE59275F9449007AE5CB /* PatternView.swift */,
				63B1CE5A275F9449007AE5CB /* PatternIconView.swift */,
			);
			path = View;
			sourceTree = "<group>";
		};
		63B1CE5B275F9449007AE5CB /* Presenter */ = {
			isa = PBXGroup;
			children = (
				63B1CE5C275F9449007AE5CB /* PatternPresenterState.swift */,
				63B1CE5D275F9449007AE5CB /* PatterntPresenter.swift */,
				63B1CE5E275F9449007AE5CB /* PatternPresenterImp.swift */,
			);
			path = Presenter;
			sourceTree = "<group>";
		};
		63B1CE5F275F9449007AE5CB /* DisplayManager */ = {
			isa = PBXGroup;
			children = (
				63B1CE60275F9449007AE5CB /* PatternDisplayManagerImp.swift */,
				63B1CE61275F9449007AE5CB /* PatternDisplayManager.swift */,
			);
			path = DisplayManager;
			sourceTree = "<group>";
		};
		63B1CE6E2760F0D5007AE5CB /* AddPerson */ = {
			isa = PBXGroup;
			children = (
				63B1CE6F2760F0D5007AE5CB /* DisplayManager */,
				63B1CE722760F0D5007AE5CB /* Presenter */,
				63B1CE762760F0D5007AE5CB /* View */,
			);
			path = AddPerson;
			sourceTree = "<group>";
		};
		63B1CE6F2760F0D5007AE5CB /* DisplayManager */ = {
			isa = PBXGroup;
			children = (
				63B1CE702760F0D5007AE5CB /* AddPersonDisplayManager.swift */,
				63B1CE712760F0D5007AE5CB /* AddPersonDisplayManagerImp.swift */,
			);
			path = DisplayManager;
			sourceTree = "<group>";
		};
		63B1CE722760F0D5007AE5CB /* Presenter */ = {
			isa = PBXGroup;
			children = (
				63B1CE732760F0D5007AE5CB /* AddPersonPresenterImp.swift */,
				63B1CE742760F0D5007AE5CB /* AddPersonPresenter.swift */,
				63B1CE752760F0D5007AE5CB /* AddPersonPresenterState.swift */,
			);
			path = Presenter;
			sourceTree = "<group>";
		};
		63B1CE762760F0D5007AE5CB /* View */ = {
			isa = PBXGroup;
			children = (
				63B1CE772760F0D5007AE5CB /* ParameterCell.swift */,
				63B1CE782760F0D5007AE5CB /* AddPersonController.swift */,
				63B1CE792760F0D5007AE5CB /* AddPersonView.swift */,
			);
			path = View;
			sourceTree = "<group>";
		};
		63DEA368270C7F68008108D5 = {
			isa = PBXGroup;
			children = (
				63DEA373270C7F68008108D5 /* iOSArinaDiplom */,
				DD6AD6D5274E654000FC3801 /* iOSArinaDiplomTests */,
				63DEA372270C7F68008108D5 /* Products */,
			);
			sourceTree = "<group>";
		};
		63DEA372270C7F68008108D5 /* Products */ = {
			isa = PBXGroup;
			children = (
				63DEA371270C7F68008108D5 /* iOSArinaDiplom.app */,
				DD6AD6D4274E654000FC3801 /* iOSArinaDiplomTests.xctest */,
			);
			name = Products;
			sourceTree = "<group>";
		};
		63DEA373270C7F68008108D5 /* iOSArinaDiplom */ = {
			isa = PBXGroup;
			children = (
				DDCDB9222743D664007B9634 /* Services */,
				DDCDB8E02740FDC1007B9634 /* Protocols */,
				DDCDB8D1273C0F89007B9634 /* Model */,
				DDCDB8D0273C0F57007B9634 /* UILayer */,
				63DEA374270C7F68008108D5 /* AppDelegate.swift */,
				63DEA376270C7F68008108D5 /* SceneDelegate.swift */,
				63DEA37D270C7F6A008108D5 /* Assets.xcassets */,
				DDCDB8EC27410A18007B9634 /* Main.storyboard */,
				63DEA37F270C7F6A008108D5 /* LaunchScreen.storyboard */,
				63DEA382270C7F6A008108D5 /* Info.plist */,
			);
			path = iOSArinaDiplom;
			sourceTree = "<group>";
		};
		DD27031C275F2349002DCB53 /* CoreData */ = {
			isa = PBXGroup;
			children = (
				DD27031D275F2349002DCB53 /* Person+CoreDataClass.swift */,
				DD27031E275F2349002DCB53 /* Person+CoreDataProperties.swift */,
			);
			path = CoreData;
			sourceTree = "<group>";
		};
		DD6AD6D5274E654000FC3801 /* iOSArinaDiplomTests */ = {
			isa = PBXGroup;
			children = (
				DD6AD6D6274E654000FC3801 /* iOSArinaDiplomTests.swift */,
				DD6AD6D8274E654000FC3801 /* Info.plist */,
			);
			path = iOSArinaDiplomTests;
			sourceTree = "<group>";
		};
		DDCDB8D0273C0F57007B9634 /* UILayer */ = {
			isa = PBXGroup;
			children = (
				63B1CE6E2760F0D5007AE5CB /* AddPerson */,
				63B1CE55275F93BB007AE5CB /* Pattern */,
				63B1CE362753EB73007AE5CB /* MyPatterns */,
				DDCDB8DF273D7DB1007B9634 /* Main */,
				DDCDB8DC273D7D84007B9634 /* Patterns */,
				DDCDB8DD273D7D9D007B9634 /* Persons */,
				DDCDB8DE273D7DA4007B9634 /* Settings */,
			);
			path = UILayer;
			sourceTree = "<group>";
		};
		DDCDB8D1273C0F89007B9634 /* Model */ = {
			isa = PBXGroup;
			children = (
				DD27031C275F2349002DCB53 /* CoreData */,
				DD270311275E9135002DCB53 /* CoreDataStack.swift */,
				DD270312275E9135002DCB53 /* DIContainer.swift */,
				DDCDB9252743D69B007B9634 /* Responses */,
				DDCDB8D2273C101C007B9634 /* PersonParameters.swift */,
				DDCDB8D4273C101C007B9634 /* Swifty.swift */,
				DDCDB8D8273D71FA007B9634 /* Pattern.swift */,
				DDCDB8DA273D7362007B9634 /* PersonPattern.swift */,
				DDCDB92A2743D77A007B9634 /* Constants.swift */,
				DD27030A275BCA4C002DCB53 /* Patterns.xcdatamodeld */,
			);
			path = Model;
			sourceTree = "<group>";
		};
		DDCDB8DC273D7D84007B9634 /* Patterns */ = {
			isa = PBXGroup;
			children = (
				DDCDB90D274122FC007B9634 /* View */,
				DDCDB908274122AD007B9634 /* DisplayManager */,
				DDCDB8F5274112E0007B9634 /* Presenter */,
				DDCDB8E427410088007B9634 /* PatternsCoordinator.swift */,
			);
			path = Patterns;
			sourceTree = "<group>";
		};
		DDCDB8DD273D7D9D007B9634 /* Persons */ = {
			isa = PBXGroup;
			children = (
				DDCDB911274123B9007B9634 /* DisplayManager */,
				DDCDB910274123AA007B9634 /* View */,
				DDCDB8F827411332007B9634 /* Presenter */,
				DDCDB8E6274100F7007B9634 /* PersonsCoordinator.swift */,
			);
			path = Persons;
			sourceTree = "<group>";
		};
		DDCDB8DE273D7DA4007B9634 /* Settings */ = {
			isa = PBXGroup;
			children = (
				DDCDB91B274123D7007B9634 /* View */,
				DDCDB916274123D1007B9634 /* DisplayManager */,
				DDCDB8FD27411339007B9634 /* Presenter */,
				DDCDB8E82741010B007B9634 /* SettingsCoordinator.swift */,
			);
			path = Settings;
			sourceTree = "<group>";
		};
		DDCDB8DF273D7DB1007B9634 /* Main */ = {
			isa = PBXGroup;
			children = (
				63DEA378270C7F68008108D5 /* TabBarController.swift */,
				DDCDB8EA2741063E007B9634 /* RootCoordinator.swift */,
			);
			path = Main;
			sourceTree = "<group>";
		};
		DDCDB8E02740FDC1007B9634 /* Protocols */ = {
			isa = PBXGroup;
			children = (
				DDCDB8E12740FDDC007B9634 /* Coordinator.swift */,
				DDCDB9262743D6B7007B9634 /* NetworkProtocol.swift */,
				DD18054A2754FC3700DDD751 /* DataBaseServiceProtocol.swift */,
				DD270315275F1B9C002DCB53 /* CoreDataProtocol.swift */,
			);
			path = Protocols;
			sourceTree = "<group>";
		};
		DDCDB8F5274112E0007B9634 /* Presenter */ = {
			isa = PBXGroup;
			children = (
				DDCDB9042741226A007B9634 /* PatternsListPresenterState.swift */,
				DDCDB8F3274112D2007B9634 /* PatternsListPresenter.swift */,
				DDCDB8F6274112EE007B9634 /* PatternsListPresenterImp.swift */,
			);
			path = Presenter;
			sourceTree = "<group>";
		};
		DDCDB8F827411332007B9634 /* Presenter */ = {
			isa = PBXGroup;
			children = (
				DDCDB8F927411332007B9634 /* PersonsListPresenter.swift */,
				DDCDB8FA27411332007B9634 /* PersonsListPresenterImp.swift */,
				DDCDB90227412212007B9634 /* PersonsListPresenterState.swift */,
			);
			path = Presenter;
			sourceTree = "<group>";
		};
		DDCDB8FD27411339007B9634 /* Presenter */ = {
			isa = PBXGroup;
			children = (
				DDCDB90627412273007B9634 /* SettingsListPresenterState.swift */,
				DDCDB8FE27411339007B9634 /* SettingsListPresenter.swift */,
				DDCDB8FF27411339007B9634 /* SettingsListPresenterImp.swift */,
			);
			path = Presenter;
			sourceTree = "<group>";
		};
		DDCDB908274122AD007B9634 /* DisplayManager */ = {
			isa = PBXGroup;
			children = (
				DDCDB909274122D7007B9634 /* PatternsListDisplayManager.swift */,
				DDCDB90B274122EC007B9634 /* PatternsListDisplayManagerImp.swift */,
			);
			path = DisplayManager;
			sourceTree = "<group>";
		};
		DDCDB90D274122FC007B9634 /* View */ = {
			isa = PBXGroup;
			children = (
				DDCDB8EF2741128E007B9634 /* PatternsListController.swift */,
				DDCDB90E27412314007B9634 /* PatternsListView.swift */,
				DDCDB93027448B06007B9634 /* PatternCell.swift */,
			);
			path = View;
			sourceTree = "<group>";
		};
		DDCDB910274123AA007B9634 /* View */ = {
			isa = PBXGroup;
			children = (
				DDCDB91C274123FE007B9634 /* PersonsListView.swift */,
				DDCDB8F12741129E007B9634 /* PersonsListController.swift */,
				DD27030D275BCDE9002DCB53 /* PersonCell.swift */,
			);
			path = View;
			sourceTree = "<group>";
		};
		DDCDB911274123B9007B9634 /* DisplayManager */ = {
			isa = PBXGroup;
			children = (
				DDCDB912274123B9007B9634 /* PersonsListDisplayManager.swift */,
				DDCDB913274123B9007B9634 /* PersonsListDisplayManagerImp.swift */,
			);
			path = DisplayManager;
			sourceTree = "<group>";
		};
		DDCDB916274123D1007B9634 /* DisplayManager */ = {
			isa = PBXGroup;
			children = (
				DDCDB917274123D1007B9634 /* SettingsListDisplayManagerImp.swift */,
				DDCDB918274123D1007B9634 /* SettingsListDisplayManager.swift */,
			);
			path = DisplayManager;
			sourceTree = "<group>";
		};
		DDCDB91B274123D7007B9634 /* View */ = {
			isa = PBXGroup;
			children = (
				DDCDB91E27412407007B9634 /* SettingsListView.swift */,
				DDCDB92027412418007B9634 /* SettingsViewController.swift */,
			);
			path = View;
			sourceTree = "<group>";
		};
		DDCDB9222743D664007B9634 /* Services */ = {
			isa = PBXGroup;
			children = (
				DD27030F275E912B002DCB53 /* DataBaseService.swift */,
				DD0DF879274A8F8200D864B5 /* PersonsService.swift */,
				DDCDB9232743D675007B9634 /* Network.swift */,
				DDCDB932274490AA007B9634 /* PatternsService.swift */,
			);
			path = Services;
			sourceTree = "<group>";
		};
		DDCDB9252743D69B007B9634 /* Responses */ = {
			isa = PBXGroup;
			children = (
				DDCDB9282743D705007B9634 /* NetworkError.swift */,
				DDCDB92C2743D858007B9634 /* AuthorizeResponse.swift */,
				DDCDB92E2743D8F1007B9634 /* GetPatternsResponse.swift */,
			);
			path = Responses;
			sourceTree = "<group>";
		};
/* End PBXGroup section */

/* Begin PBXNativeTarget section */
		63DEA370270C7F68008108D5 /* iOSArinaDiplom */ = {
			isa = PBXNativeTarget;
			buildConfigurationList = 63DEA385270C7F6A008108D5 /* Build configuration list for PBXNativeTarget "iOSArinaDiplom" */;
			buildPhases = (
				63DEA36D270C7F68008108D5 /* Sources */,
				63DEA36E270C7F68008108D5 /* Frameworks */,
				63DEA36F270C7F68008108D5 /* Resources */,
			);
			buildRules = (
			);
			dependencies = (
			);
			name = iOSArinaDiplom;
			productName = iOSArinaDiplom;
			productReference = 63DEA371270C7F68008108D5 /* iOSArinaDiplom.app */;
			productType = "com.apple.product-type.application";
		};
		DD6AD6D3274E654000FC3801 /* iOSArinaDiplomTests */ = {
			isa = PBXNativeTarget;
			buildConfigurationList = DD6AD6DD274E654000FC3801 /* Build configuration list for PBXNativeTarget "iOSArinaDiplomTests" */;
			buildPhases = (
				DD6AD6D0274E654000FC3801 /* Sources */,
				DD6AD6D1274E654000FC3801 /* Frameworks */,
				DD6AD6D2274E654000FC3801 /* Resources */,
			);
			buildRules = (
			);
			dependencies = (
				DD6AD6DA274E654000FC3801 /* PBXTargetDependency */,
			);
			name = iOSArinaDiplomTests;
			productName = iOSArinaDiplomTests;
			productReference = DD6AD6D4274E654000FC3801 /* iOSArinaDiplomTests.xctest */;
			productType = "com.apple.product-type.bundle.unit-test";
		};
/* End PBXNativeTarget section */

/* Begin PBXProject section */
		63DEA369270C7F68008108D5 /* Project object */ = {
			isa = PBXProject;
			attributes = {
				LastSwiftUpdateCheck = 1250;
				LastUpgradeCheck = 1250;
				TargetAttributes = {
					63DEA370270C7F68008108D5 = {
						CreatedOnToolsVersion = 12.5.1;
					};
					DD6AD6D3274E654000FC3801 = {
						CreatedOnToolsVersion = 12.5.1;
						TestTargetID = 63DEA370270C7F68008108D5;
					};
				};
			};
			buildConfigurationList = 63DEA36C270C7F68008108D5 /* Build configuration list for PBXProject "iOSArinaDiplom" */;
			compatibilityVersion = "Xcode 9.3";
			developmentRegion = en;
			hasScannedForEncodings = 0;
			knownRegions = (
				en,
				Base,
			);
			mainGroup = 63DEA368270C7F68008108D5;
			productRefGroup = 63DEA372270C7F68008108D5 /* Products */;
			projectDirPath = "";
			projectRoot = "";
			targets = (
				63DEA370270C7F68008108D5 /* iOSArinaDiplom */,
				DD6AD6D3274E654000FC3801 /* iOSArinaDiplomTests */,
			);
		};
/* End PBXProject section */

/* Begin PBXResourcesBuildPhase section */
		63DEA36F270C7F68008108D5 /* Resources */ = {
			isa = PBXResourcesBuildPhase;
			buildActionMask = 2147483647;
			files = (
				DDCDB8EE27410A18007B9634 /* Main.storyboard in Resources */,
				63DEA381270C7F6A008108D5 /* LaunchScreen.storyboard in Resources */,
				63DEA37E270C7F6A008108D5 /* Assets.xcassets in Resources */,
			);
			runOnlyForDeploymentPostprocessing = 0;
		};
		DD6AD6D2274E654000FC3801 /* Resources */ = {
			isa = PBXResourcesBuildPhase;
			buildActionMask = 2147483647;
			files = (
			);
			runOnlyForDeploymentPostprocessing = 0;
		};
/* End PBXResourcesBuildPhase section */

/* Begin PBXSourcesBuildPhase section */
		63DEA36D270C7F68008108D5 /* Sources */ = {
			isa = PBXSourcesBuildPhase;
			buildActionMask = 2147483647;
			files = (
				DD27031F275F234A002DCB53 /* Person+CoreDataClass.swift in Sources */,
				63B1CE7C2760F0D5007AE5CB /* AddPersonPresenterImp.swift in Sources */,
				DDCDB8F7274112EE007B9634 /* PatternsListPresenterImp.swift in Sources */,
				DDCDB8E92741010B007B9634 /* SettingsCoordinator.swift in Sources */,
				DDCDB91A274123D1007B9634 /* SettingsListDisplayManager.swift in Sources */,
				DDCDB92D2743D858007B9634 /* AuthorizeResponse.swift in Sources */,
				DDCDB933274490AA007B9634 /* PatternsService.swift in Sources */,
				63B1CE64275F9449007AE5CB /* PatternView.swift in Sources */,
				DD270314275E9135002DCB53 /* DIContainer.swift in Sources */,
				63B1CE812760F0D5007AE5CB /* AddPersonView.swift in Sources */,
				DD270310275E912B002DCB53 /* DataBaseService.swift in Sources */,
				DDCDB915274123B9007B9634 /* PersonsListDisplayManagerImp.swift in Sources */,
				DDCDB919274123D1007B9634 /* SettingsListDisplayManagerImp.swift in Sources */,
				DDCDB90F27412314007B9634 /* PatternsListView.swift in Sources */,
				63B1CE68275F9449007AE5CB /* PatternPresenterImp.swift in Sources */,
				DDCDB90027411339007B9634 /* SettingsListPresenter.swift in Sources */,
				DDCDB92B2743D77A007B9634 /* Constants.swift in Sources */,
				63B1CE7A2760F0D5007AE5CB /* AddPersonDisplayManager.swift in Sources */,
				DDCDB8D5273C101C007B9634 /* PersonParameters.swift in Sources */,
				63DEA379270C7F68008108D5 /* TabBarController.swift in Sources */,
				63B1CE432753EB73007AE5CB /* MyPatternsListDisplayManager.swift in Sources */,
				DD27030C275BCA4C002DCB53 /* Patterns.xcdatamodeld in Sources */,
				DDCDB8F02741128E007B9634 /* PatternsListController.swift in Sources */,
				DDCDB8DB273D7362007B9634 /* PersonPattern.swift in Sources */,
				63B1CE4F2753EB73007AE5CB /* MyPatternsListController.swift in Sources */,
				DDCDB8FB27411332007B9634 /* PersonsListPresenter.swift in Sources */,
				DDCDB91F27412407007B9634 /* SettingsListView.swift in Sources */,
				DDCDB8D7273C101C007B9634 /* Swifty.swift in Sources */,
				63B1CE69275F9449007AE5CB /* PatternDisplayManagerImp.swift in Sources */,
				DDCDB90727412273007B9634 /* SettingsListPresenterState.swift in Sources */,
				63B1CE65275F9449007AE5CB /* PatternIconView.swift in Sources */,
				63DEA375270C7F68008108D5 /* AppDelegate.swift in Sources */,
				DDCDB8F22741129E007B9634 /* PersonsListController.swift in Sources */,
				DDCDB91D274123FE007B9634 /* PersonsListView.swift in Sources */,
				DDCDB8D9273D71FA007B9634 /* Pattern.swift in Sources */,
				DD270313275E9135002DCB53 /* CoreDataStack.swift in Sources */,
				63B1CE7D2760F0D5007AE5CB /* AddPersonPresenter.swift in Sources */,
				63B1CE4B2753EB73007AE5CB /* MyPatternsListPresenterImp.swift in Sources */,
				DDCDB9242743D675007B9634 /* Network.swift in Sources */,
				DDCDB8FC27411332007B9634 /* PersonsListPresenterImp.swift in Sources */,
				DDCDB90A274122D7007B9634 /* PatternsListDisplayManager.swift in Sources */,
				63B1CE4D2753EB73007AE5CB /* MyPatternsListView.swift in Sources */,
				DDCDB8E7274100F7007B9634 /* PersonsCoordinator.swift in Sources */,
				63B1CE67275F9449007AE5CB /* PatterntPresenter.swift in Sources */,
				DDCDB8F4274112D2007B9634 /* PatternsListPresenter.swift in Sources */,
				63DEA377270C7F68008108D5 /* SceneDelegate.swift in Sources */,
				DDCDB92F2743D8F1007B9634 /* GetPatternsResponse.swift in Sources */,
				63B1CE452753EB73007AE5CB /* MyPatternsListDisplayManagerImp.swift in Sources */,
				DDCDB90327412212007B9634 /* PersonsListPresenterState.swift in Sources */,
				DD270316275F1B9C002DCB53 /* CoreDataProtocol.swift in Sources */,
				63B1CE66275F9449007AE5CB /* PatternPresenterState.swift in Sources */,
				DD18054B2754FC3700DDD751 /* DataBaseServiceProtocol.swift in Sources */,
				DDCDB914274123B9007B9634 /* PersonsListDisplayManager.swift in Sources */,
				63B1CE6A275F9449007AE5CB /* PatternDisplayManager.swift in Sources */,
				63B1CE532753EB73007AE5CB /* MyPatternsCoordinator.swift in Sources */,
				DDCDB90C274122EC007B9634 /* PatternsListDisplayManagerImp.swift in Sources */,
				DDCDB93127448B06007B9634 /* PatternCell.swift in Sources */,
				63B1CE802760F0D5007AE5CB /* AddPersonController.swift in Sources */,
				63B1CE7E2760F0D5007AE5CB /* AddPersonPresenterState.swift in Sources */,
				DDCDB9292743D705007B9634 /* NetworkError.swift in Sources */,
				63B1CE63275F9449007AE5CB /* PatternController.swift in Sources */,
				DDCDB8EB2741063E007B9634 /* RootCoordinator.swift in Sources */,
				DDCDB92127412418007B9634 /* SettingsViewController.swift in Sources */,
				63B1CE472753EB73007AE5CB /* MyPatternsListPresenterState.swift in Sources */,
				DDCDB9052741226A007B9634 /* PatternsListPresenterState.swift in Sources */,
				63B1CE7F2760F0D5007AE5CB /* ParameterCell.swift in Sources */,
				63B1CE512753EB73007AE5CB /* MyPatternCell.swift in Sources */,
				DDCDB9272743D6B7007B9634 /* NetworkProtocol.swift in Sources */,
				DD270320275F234A002DCB53 /* Person+CoreDataProperties.swift in Sources */,
				DD0DF87A274A8F8300D864B5 /* PersonsService.swift in Sources */,
				63B1CE492753EB73007AE5CB /* MyPatternsListPresenter.swift in Sources */,
				DD27030E275BCDE9002DCB53 /* PersonCell.swift in Sources */,
				DDCDB90127411339007B9634 /* SettingsListPresenterImp.swift in Sources */,
				DDCDB8E527410088007B9634 /* PatternsCoordinator.swift in Sources */,
				63B1CE7B2760F0D5007AE5CB /* AddPersonDisplayManagerImp.swift in Sources */,
				DDCDB8E22740FDDC007B9634 /* Coordinator.swift in Sources */,
			);
			runOnlyForDeploymentPostprocessing = 0;
		};
		DD6AD6D0274E654000FC3801 /* Sources */ = {
			isa = PBXSourcesBuildPhase;
			buildActionMask = 2147483647;
			files = (
				63B1CE502753EB73007AE5CB /* MyPatternsListController.swift in Sources */,
				63B1CE542753EB73007AE5CB /* MyPatternsCoordinator.swift in Sources */,
				63B1CE4E2753EB73007AE5CB /* MyPatternsListView.swift in Sources */,
				63B1CE522753EB73007AE5CB /* MyPatternCell.swift in Sources */,
				DD6AD6D7274E654000FC3801 /* iOSArinaDiplomTests.swift in Sources */,
				63B1CE4A2753EB73007AE5CB /* MyPatternsListPresenter.swift in Sources */,
				63B1CE482753EB73007AE5CB /* MyPatternsListPresenterState.swift in Sources */,
				63B1CE462753EB73007AE5CB /* MyPatternsListDisplayManagerImp.swift in Sources */,
				63B1CE442753EB73007AE5CB /* MyPatternsListDisplayManager.swift in Sources */,
			);
			runOnlyForDeploymentPostprocessing = 0;
		};
/* End PBXSourcesBuildPhase section */

/* Begin PBXTargetDependency section */
		DD6AD6DA274E654000FC3801 /* PBXTargetDependency */ = {
			isa = PBXTargetDependency;
			target = 63DEA370270C7F68008108D5 /* iOSArinaDiplom */;
			targetProxy = DD6AD6D9274E654000FC3801 /* PBXContainerItemProxy */;
		};
/* End PBXTargetDependency section */

/* Begin PBXVariantGroup section */
		63DEA37F270C7F6A008108D5 /* LaunchScreen.storyboard */ = {
			isa = PBXVariantGroup;
			children = (
				63DEA380270C7F6A008108D5 /* Base */,
			);
			name = LaunchScreen.storyboard;
			sourceTree = "<group>";
		};
		DDCDB8EC27410A18007B9634 /* Main.storyboard */ = {
			isa = PBXVariantGroup;
			children = (
				DDCDB8ED27410A18007B9634 /* Base */,
			);
			name = Main.storyboard;
			sourceTree = "<group>";
		};
/* End PBXVariantGroup section */

/* Begin XCBuildConfiguration section */
		63DEA383270C7F6A008108D5 /* Debug */ = {
			isa = XCBuildConfiguration;
			buildSettings = {
				ALWAYS_SEARCH_USER_PATHS = NO;
				CLANG_ANALYZER_NONNULL = YES;
				CLANG_ANALYZER_NUMBER_OBJECT_CONVERSION = YES_AGGRESSIVE;
				CLANG_CXX_LANGUAGE_STANDARD = "gnu++14";
				CLANG_CXX_LIBRARY = "libc++";
				CLANG_ENABLE_MODULES = YES;
				CLANG_ENABLE_OBJC_ARC = YES;
				CLANG_ENABLE_OBJC_WEAK = YES;
				CLANG_WARN_BLOCK_CAPTURE_AUTORELEASING = YES;
				CLANG_WARN_BOOL_CONVERSION = YES;
				CLANG_WARN_COMMA = YES;
				CLANG_WARN_CONSTANT_CONVERSION = YES;
				CLANG_WARN_DEPRECATED_OBJC_IMPLEMENTATIONS = YES;
				CLANG_WARN_DIRECT_OBJC_ISA_USAGE = YES_ERROR;
				CLANG_WARN_DOCUMENTATION_COMMENTS = YES;
				CLANG_WARN_EMPTY_BODY = YES;
				CLANG_WARN_ENUM_CONVERSION = YES;
				CLANG_WARN_INFINITE_RECURSION = YES;
				CLANG_WARN_INT_CONVERSION = YES;
				CLANG_WARN_NON_LITERAL_NULL_CONVERSION = YES;
				CLANG_WARN_OBJC_IMPLICIT_RETAIN_SELF = YES;
				CLANG_WARN_OBJC_LITERAL_CONVERSION = YES;
				CLANG_WARN_OBJC_ROOT_CLASS = YES_ERROR;
				CLANG_WARN_QUOTED_INCLUDE_IN_FRAMEWORK_HEADER = YES;
				CLANG_WARN_RANGE_LOOP_ANALYSIS = YES;
				CLANG_WARN_STRICT_PROTOTYPES = YES;
				CLANG_WARN_SUSPICIOUS_MOVE = YES;
				CLANG_WARN_UNGUARDED_AVAILABILITY = YES_AGGRESSIVE;
				CLANG_WARN_UNREACHABLE_CODE = YES;
				CLANG_WARN__DUPLICATE_METHOD_MATCH = YES;
				COPY_PHASE_STRIP = NO;
				DEBUG_INFORMATION_FORMAT = dwarf;
				ENABLE_STRICT_OBJC_MSGSEND = YES;
				ENABLE_TESTABILITY = YES;
				GCC_C_LANGUAGE_STANDARD = gnu11;
				GCC_DYNAMIC_NO_PIC = NO;
				GCC_NO_COMMON_BLOCKS = YES;
				GCC_OPTIMIZATION_LEVEL = 0;
				GCC_PREPROCESSOR_DEFINITIONS = (
					"DEBUG=1",
					"$(inherited)",
				);
				GCC_WARN_64_TO_32_BIT_CONVERSION = YES;
				GCC_WARN_ABOUT_RETURN_TYPE = YES_ERROR;
				GCC_WARN_UNDECLARED_SELECTOR = YES;
				GCC_WARN_UNINITIALIZED_AUTOS = YES_AGGRESSIVE;
				GCC_WARN_UNUSED_FUNCTION = YES;
				GCC_WARN_UNUSED_VARIABLE = YES;
				IPHONEOS_DEPLOYMENT_TARGET = 13.0;
				MTL_ENABLE_DEBUG_INFO = INCLUDE_SOURCE;
				MTL_FAST_MATH = YES;
				ONLY_ACTIVE_ARCH = YES;
				SDKROOT = iphoneos;
				SWIFT_ACTIVE_COMPILATION_CONDITIONS = DEBUG;
				SWIFT_OPTIMIZATION_LEVEL = "-Onone";
			};
			name = Debug;
		};
		63DEA384270C7F6A008108D5 /* Release */ = {
			isa = XCBuildConfiguration;
			buildSettings = {
				ALWAYS_SEARCH_USER_PATHS = NO;
				CLANG_ANALYZER_NONNULL = YES;
				CLANG_ANALYZER_NUMBER_OBJECT_CONVERSION = YES_AGGRESSIVE;
				CLANG_CXX_LANGUAGE_STANDARD = "gnu++14";
				CLANG_CXX_LIBRARY = "libc++";
				CLANG_ENABLE_MODULES = YES;
				CLANG_ENABLE_OBJC_ARC = YES;
				CLANG_ENABLE_OBJC_WEAK = YES;
				CLANG_WARN_BLOCK_CAPTURE_AUTORELEASING = YES;
				CLANG_WARN_BOOL_CONVERSION = YES;
				CLANG_WARN_COMMA = YES;
				CLANG_WARN_CONSTANT_CONVERSION = YES;
				CLANG_WARN_DEPRECATED_OBJC_IMPLEMENTATIONS = YES;
				CLANG_WARN_DIRECT_OBJC_ISA_USAGE = YES_ERROR;
				CLANG_WARN_DOCUMENTATION_COMMENTS = YES;
				CLANG_WARN_EMPTY_BODY = YES;
				CLANG_WARN_ENUM_CONVERSION = YES;
				CLANG_WARN_INFINITE_RECURSION = YES;
				CLANG_WARN_INT_CONVERSION = YES;
				CLANG_WARN_NON_LITERAL_NULL_CONVERSION = YES;
				CLANG_WARN_OBJC_IMPLICIT_RETAIN_SELF = YES;
				CLANG_WARN_OBJC_LITERAL_CONVERSION = YES;
				CLANG_WARN_OBJC_ROOT_CLASS = YES_ERROR;
				CLANG_WARN_QUOTED_INCLUDE_IN_FRAMEWORK_HEADER = YES;
				CLANG_WARN_RANGE_LOOP_ANALYSIS = YES;
				CLANG_WARN_STRICT_PROTOTYPES = YES;
				CLANG_WARN_SUSPICIOUS_MOVE = YES;
				CLANG_WARN_UNGUARDED_AVAILABILITY = YES_AGGRESSIVE;
				CLANG_WARN_UNREACHABLE_CODE = YES;
				CLANG_WARN__DUPLICATE_METHOD_MATCH = YES;
				COPY_PHASE_STRIP = NO;
				DEBUG_INFORMATION_FORMAT = "dwarf-with-dsym";
				ENABLE_NS_ASSERTIONS = NO;
				ENABLE_STRICT_OBJC_MSGSEND = YES;
				GCC_C_LANGUAGE_STANDARD = gnu11;
				GCC_NO_COMMON_BLOCKS = YES;
				GCC_WARN_64_TO_32_BIT_CONVERSION = YES;
				GCC_WARN_ABOUT_RETURN_TYPE = YES_ERROR;
				GCC_WARN_UNDECLARED_SELECTOR = YES;
				GCC_WARN_UNINITIALIZED_AUTOS = YES_AGGRESSIVE;
				GCC_WARN_UNUSED_FUNCTION = YES;
				GCC_WARN_UNUSED_VARIABLE = YES;
				IPHONEOS_DEPLOYMENT_TARGET = 13.0;
				MTL_ENABLE_DEBUG_INFO = NO;
				MTL_FAST_MATH = YES;
				SDKROOT = iphoneos;
				SWIFT_COMPILATION_MODE = wholemodule;
				SWIFT_OPTIMIZATION_LEVEL = "-O";
				VALIDATE_PRODUCT = YES;
			};
			name = Release;
		};
		63DEA386270C7F6A008108D5 /* Debug */ = {
			isa = XCBuildConfiguration;
			buildSettings = {
				ASSETCATALOG_COMPILER_APPICON_NAME = AppIcon;
				ASSETCATALOG_COMPILER_GLOBAL_ACCENT_COLOR_NAME = AccentColor;
				CODE_SIGN_STYLE = Automatic;
				INFOPLIST_FILE = iOSArinaDiplom/Info.plist;
				LD_RUNPATH_SEARCH_PATHS = (
					"$(inherited)",
					"@executable_path/Frameworks",
				);
				PRODUCT_BUNDLE_IDENTIFIER = com.ext.iOSArinaDiplom.iOSArinaDiplom;
				PRODUCT_NAME = "$(TARGET_NAME)";
				SWIFT_VERSION = 5.0;
				TARGETED_DEVICE_FAMILY = "1,2";
			};
			name = Debug;
		};
		63DEA387270C7F6A008108D5 /* Release */ = {
			isa = XCBuildConfiguration;
			buildSettings = {
				ASSETCATALOG_COMPILER_APPICON_NAME = AppIcon;
				ASSETCATALOG_COMPILER_GLOBAL_ACCENT_COLOR_NAME = AccentColor;
				CODE_SIGN_STYLE = Automatic;
				INFOPLIST_FILE = iOSArinaDiplom/Info.plist;
				LD_RUNPATH_SEARCH_PATHS = (
					"$(inherited)",
					"@executable_path/Frameworks",
				);
				PRODUCT_BUNDLE_IDENTIFIER = com.ext.iOSArinaDiplom.iOSArinaDiplom;
				PRODUCT_NAME = "$(TARGET_NAME)";
				SWIFT_VERSION = 5.0;
				TARGETED_DEVICE_FAMILY = "1,2";
			};
			name = Release;
		};
		DD6AD6DB274E654000FC3801 /* Debug */ = {
			isa = XCBuildConfiguration;
			buildSettings = {
				BUNDLE_LOADER = "$(TEST_HOST)";
				CODE_SIGN_STYLE = Automatic;
				INFOPLIST_FILE = iOSArinaDiplomTests/Info.plist;
				LD_RUNPATH_SEARCH_PATHS = (
					"$(inherited)",
					"@executable_path/Frameworks",
					"@loader_path/Frameworks",
				);
				PRODUCT_BUNDLE_IDENTIFIER = com.org.TestChaint.iOSArinaDiplomTests;
				PRODUCT_NAME = "$(TARGET_NAME)";
				SWIFT_VERSION = 5.0;
				TARGETED_DEVICE_FAMILY = "1,2";
				TEST_HOST = "$(BUILT_PRODUCTS_DIR)/iOSArinaDiplom.app/iOSArinaDiplom";
			};
			name = Debug;
		};
		DD6AD6DC274E654000FC3801 /* Release */ = {
			isa = XCBuildConfiguration;
			buildSettings = {
				BUNDLE_LOADER = "$(TEST_HOST)";
				CODE_SIGN_STYLE = Automatic;
				INFOPLIST_FILE = iOSArinaDiplomTests/Info.plist;
				LD_RUNPATH_SEARCH_PATHS = (
					"$(inherited)",
					"@executable_path/Frameworks",
					"@loader_path/Frameworks",
				);
				PRODUCT_BUNDLE_IDENTIFIER = com.org.TestChaint.iOSArinaDiplomTests;
				PRODUCT_NAME = "$(TARGET_NAME)";
				SWIFT_VERSION = 5.0;
				TARGETED_DEVICE_FAMILY = "1,2";
				TEST_HOST = "$(BUILT_PRODUCTS_DIR)/iOSArinaDiplom.app/iOSArinaDiplom";
			};
			name = Release;
		};
/* End XCBuildConfiguration section */

/* Begin XCConfigurationList section */
		63DEA36C270C7F68008108D5 /* Build configuration list for PBXProject "iOSArinaDiplom" */ = {
			isa = XCConfigurationList;
			buildConfigurations = (
				63DEA383270C7F6A008108D5 /* Debug */,
				63DEA384270C7F6A008108D5 /* Release */,
			);
			defaultConfigurationIsVisible = 0;
			defaultConfigurationName = Release;
		};
		63DEA385270C7F6A008108D5 /* Build configuration list for PBXNativeTarget "iOSArinaDiplom" */ = {
			isa = XCConfigurationList;
			buildConfigurations = (
				63DEA386270C7F6A008108D5 /* Debug */,
				63DEA387270C7F6A008108D5 /* Release */,
			);
			defaultConfigurationIsVisible = 0;
			defaultConfigurationName = Release;
		};
		DD6AD6DD274E654000FC3801 /* Build configuration list for PBXNativeTarget "iOSArinaDiplomTests" */ = {
			isa = XCConfigurationList;
			buildConfigurations = (
				DD6AD6DB274E654000FC3801 /* Debug */,
				DD6AD6DC274E654000FC3801 /* Release */,
			);
			defaultConfigurationIsVisible = 0;
			defaultConfigurationName = Release;
		};
/* End XCConfigurationList section */

/* Begin XCVersionGroup section */
		DD27030A275BCA4C002DCB53 /* Patterns.xcdatamodeld */ = {
			isa = XCVersionGroup;
			children = (
				DD27030B275BCA4C002DCB53 /* Patterns.xcdatamodel */,
			);
			currentVersion = DD27030B275BCA4C002DCB53 /* Patterns.xcdatamodel */;
			path = Patterns.xcdatamodeld;
			sourceTree = "<group>";
			versionGroupType = wrapper.xcdatamodel;
		};
/* End XCVersionGroup section */
	};
	rootObject = 63DEA369270C7F68008108D5 /* Project object */;
}
